
Microsoft Visual Studio Solution File, Format Version 12.00
# Visual Studio Version 16
VisualStudioVersion = 16.0.30503.244
MinimumVisualStudioVersion = 10.0.40219.1
Project("{FAE04EC0-301F-11D3-BF4B-00C04F79EFBC}") = "Workers_BaseData", "Workers_BaseData\Workers_BaseData.csproj", "{A7BE5D3F-034B-4D00-88C3-E368213F7C9C}"
EndProject
Global
	GlobalSection(SolutionConfigurationPlatforms) = preSolution
		Debug|Any CPU = Debug|Any CPU
		Release|Any CPU = Release|Any CPU
	EndGlobalSection
	GlobalSection(ProjectConfigurationPlatforms) = postSolution
		{A7BE5D3F-034B-4D00-88C3-E368213F7C9C}.Debug|Any CPU.ActiveCfg = Debug|Any CPU
		{A7BE5D3F-034B-4D00-88C3-E368213F7C9C}.Debug|Any CPU.Build.0 = Debug|Any CPU
		{A7BE5D3F-034B-4D00-88C3-E368213F7C9C}.Release|Any CPU.ActiveCfg = Release|Any CPU
		{A7BE5D3F-034B-4D00-88C3-E368213F7C9C}.Release|Any CPU.Build.0 = Release|Any CPU
	EndGlobalSection
	GlobalSection(SolutionProperties) = preSolution
		HideSolutionNode = FALSE
	EndGlobalSection
	GlobalSection(ExtensibilityGlobals) = postSolution
		SolutionGuid = {4322BE91-663E-4ABA-AFB2-C8AC0E1C3008}
	EndGlobalSection
EndGlobal
